// !$*UTF8*$!
{
	archiveVersion = 1;
	classes = {
	};
	objectVersion = 50;
	objects = {

/* Begin PBXBuildFile section */
		15B1A0FE20C5431D000AC558 /* AppDelegate.swift in Sources */ = {isa = PBXBuildFile; fileRef = 15B1A0FD20C5431D000AC558 /* AppDelegate.swift */; };
		15B1A10020C5431D000AC558 /* MemberViewController.swift in Sources */ = {isa = PBXBuildFile; fileRef = 15B1A0FF20C5431D000AC558 /* MemberViewController.swift */; };
		15B1A10320C5431D000AC558 /* Main.storyboard in Resources */ = {isa = PBXBuildFile; fileRef = 15B1A10120C5431D000AC558 /* Main.storyboard */; };
		15B1A10520C5431E000AC558 /* Assets.xcassets in Resources */ = {isa = PBXBuildFile; fileRef = 15B1A10420C5431E000AC558 /* Assets.xcassets */; };
		15B1A10820C5431E000AC558 /* LaunchScreen.storyboard in Resources */ = {isa = PBXBuildFile; fileRef = 15B1A10620C5431E000AC558 /* LaunchScreen.storyboard */; };
		15B1A11320C5431E000AC558 /* DaySleepersClubTests.swift in Sources */ = {isa = PBXBuildFile; fileRef = 15B1A11220C5431E000AC558 /* DaySleepersClubTests.swift */; };
		15B1A11E20C54D16000AC558 /* SleepLevels.swift in Sources */ = {isa = PBXBuildFile; fileRef = 15B1A11D20C54D16000AC558 /* SleepLevels.swift */; };
		15B1A12020C55C74000AC558 /* MemberClass.swift in Sources */ = {isa = PBXBuildFile; fileRef = 15B1A11F20C55C74000AC558 /* MemberClass.swift */; };
		15B1A12420C5605D000AC558 /* MemberCell.swift in Sources */ = {isa = PBXBuildFile; fileRef = 15B1A12320C5605D000AC558 /* MemberCell.swift */; };
		15B1A12720C568AA000AC558 /* MemberTable.swift in Sources */ = {isa = PBXBuildFile; fileRef = 15B1A12520C568AA000AC558 /* MemberTable.swift */; };
		15B1A12A20C57106000AC558 /* Login.swift in Sources */ = {isa = PBXBuildFile; fileRef = 15B1A12920C57106000AC558 /* Login.swift */; };
		176B60B0D991467965A18FF6 /* Pods_DaySleepersClub.framework in Frameworks */ = {isa = PBXBuildFile; fileRef = 165012A23354E1D0BBCB5349 /* Pods_DaySleepersClub.framework */; };
		E0789CFC3701B51D28DBEE72 /* Pods_DaySleepersClubTests.framework in Frameworks */ = {isa = PBXBuildFile; fileRef = 8EFA48F0760D3FA9DB13DA10 /* Pods_DaySleepersClubTests.framework */; };
/* End PBXBuildFile section */

/* Begin PBXContainerItemProxy section */
		15B1A10F20C5431E000AC558 /* PBXContainerItemProxy */ = {
			isa = PBXContainerItemProxy;
			containerPortal = 15B1A0F220C5431D000AC558 /* Project object */;
			proxyType = 1;
			remoteGlobalIDString = 15B1A0F920C5431D000AC558;
			remoteInfo = DaySleepersClub;
		};
/* End PBXContainerItemProxy section */

/* Begin PBXFileReference section */
		15B1A0FA20C5431D000AC558 /* DaySleepersClub.app */ = {isa = PBXFileReference; explicitFileType = wrapper.application; includeInIndex = 0; path = DaySleepersClub.app; sourceTree = BUILT_PRODUCTS_DIR; };
		15B1A0FD20C5431D000AC558 /* AppDelegate.swift */ = {isa = PBXFileReference; lastKnownFileType = sourcecode.swift; path = AppDelegate.swift; sourceTree = "<group>"; };
		15B1A0FF20C5431D000AC558 /* MemberViewController.swift */ = {isa = PBXFileReference; lastKnownFileType = sourcecode.swift; path = MemberViewController.swift; sourceTree = "<group>"; };
		15B1A10220C5431D000AC558 /* Base */ = {isa = PBXFileReference; lastKnownFileType = file.storyboard; name = Base; path = Base.lproj/Main.storyboard; sourceTree = "<group>"; };
		15B1A10420C5431E000AC558 /* Assets.xcassets */ = {isa = PBXFileReference; lastKnownFileType = folder.assetcatalog; path = Assets.xcassets; sourceTree = "<group>"; };
		15B1A10720C5431E000AC558 /* Base */ = {isa = PBXFileReference; lastKnownFileType = file.storyboard; name = Base; path = Base.lproj/LaunchScreen.storyboard; sourceTree = "<group>"; };
		15B1A10920C5431E000AC558 /* Info.plist */ = {isa = PBXFileReference; lastKnownFileType = text.plist.xml; path = Info.plist; sourceTree = "<group>"; };
		15B1A10E20C5431E000AC558 /* DaySleepersClubTests.xctest */ = {isa = PBXFileReference; explicitFileType = wrapper.cfbundle; includeInIndex = 0; path = DaySleepersClubTests.xctest; sourceTree = BUILT_PRODUCTS_DIR; };
		15B1A11220C5431E000AC558 /* DaySleepersClubTests.swift */ = {isa = PBXFileReference; lastKnownFileType = sourcecode.swift; path = DaySleepersClubTests.swift; sourceTree = "<group>"; };
		15B1A11420C5431E000AC558 /* Info.plist */ = {isa = PBXFileReference; lastKnownFileType = text.plist.xml; path = Info.plist; sourceTree = "<group>"; };
		15B1A11D20C54D16000AC558 /* SleepLevels.swift */ = {isa = PBXFileReference; lastKnownFileType = sourcecode.swift; path = SleepLevels.swift; sourceTree = "<group>"; };
		15B1A11F20C55C74000AC558 /* MemberClass.swift */ = {isa = PBXFileReference; lastKnownFileType = sourcecode.swift; path = MemberClass.swift; sourceTree = "<group>"; };
		15B1A12320C5605D000AC558 /* MemberCell.swift */ = {isa = PBXFileReference; lastKnownFileType = sourcecode.swift; path = MemberCell.swift; sourceTree = "<group>"; };
		15B1A12520C568AA000AC558 /* MemberTable.swift */ = {isa = PBXFileReference; lastKnownFileType = sourcecode.swift; path = MemberTable.swift; sourceTree = "<group>"; };
		15B1A12920C57106000AC558 /* Login.swift */ = {isa = PBXFileReference; lastKnownFileType = sourcecode.swift; path = Login.swift; sourceTree = "<group>"; };
		165012A23354E1D0BBCB5349 /* Pods_DaySleepersClub.framework */ = {isa = PBXFileReference; explicitFileType = wrapper.framework; includeInIndex = 0; path = Pods_DaySleepersClub.framework; sourceTree = BUILT_PRODUCTS_DIR; };
		3FDAAD6A4F5C8D7EB1388F0F /* Pods-DaySleepersClubTests.release.xcconfig */ = {isa = PBXFileReference; includeInIndex = 1; lastKnownFileType = text.xcconfig; name = "Pods-DaySleepersClubTests.release.xcconfig"; path = "Pods/Target Support Files/Pods-DaySleepersClubTests/Pods-DaySleepersClubTests.release.xcconfig"; sourceTree = "<group>"; };
		42DA17C91F47A47A5559E4CE /* Pods-DaySleepersClub.debug.xcconfig */ = {isa = PBXFileReference; includeInIndex = 1; lastKnownFileType = text.xcconfig; name = "Pods-DaySleepersClub.debug.xcconfig"; path = "Pods/Target Support Files/Pods-DaySleepersClub/Pods-DaySleepersClub.debug.xcconfig"; sourceTree = "<group>"; };
		8EFA48F0760D3FA9DB13DA10 /* Pods_DaySleepersClubTests.framework */ = {isa = PBXFileReference; explicitFileType = wrapper.framework; includeInIndex = 0; path = Pods_DaySleepersClubTests.framework; sourceTree = BUILT_PRODUCTS_DIR; };
		A282BAA2B00E4C46837D87D7 /* Pods-DaySleepersClub.release.xcconfig */ = {isa = PBXFileReference; includeInIndex = 1; lastKnownFileType = text.xcconfig; name = "Pods-DaySleepersClub.release.xcconfig"; path = "Pods/Target Support Files/Pods-DaySleepersClub/Pods-DaySleepersClub.release.xcconfig"; sourceTree = "<group>"; };
		DDCC5139CB40D0F0E96457C3 /* Pods-DaySleepersClubTests.debug.xcconfig */ = {isa = PBXFileReference; includeInIndex = 1; lastKnownFileType = text.xcconfig; name = "Pods-DaySleepersClubTests.debug.xcconfig"; path = "Pods/Target Support Files/Pods-DaySleepersClubTests/Pods-DaySleepersClubTests.debug.xcconfig"; sourceTree = "<group>"; };
/* End PBXFileReference section */

/* Begin PBXFrameworksBuildPhase section */
		15B1A0F720C5431D000AC558 /* Frameworks */ = {
			isa = PBXFrameworksBuildPhase;
			buildActionMask = 2147483647;
			files = (
				176B60B0D991467965A18FF6 /* Pods_DaySleepersClub.framework in Frameworks */,
			);
			runOnlyForDeploymentPostprocessing = 0;
		};
		15B1A10B20C5431E000AC558 /* Frameworks */ = {
			isa = PBXFrameworksBuildPhase;
			buildActionMask = 2147483647;
			files = (
				E0789CFC3701B51D28DBEE72 /* Pods_DaySleepersClubTests.framework in Frameworks */,
			);
			runOnlyForDeploymentPostprocessing = 0;
		};
/* End PBXFrameworksBuildPhase section */

/* Begin PBXGroup section */
		0F126817B12DBA5B3951493E /* Pods */ = {
			isa = PBXGroup;
			children = (
				42DA17C91F47A47A5559E4CE /* Pods-DaySleepersClub.debug.xcconfig */,
				A282BAA2B00E4C46837D87D7 /* Pods-DaySleepersClub.release.xcconfig */,
				DDCC5139CB40D0F0E96457C3 /* Pods-DaySleepersClubTests.debug.xcconfig */,
				3FDAAD6A4F5C8D7EB1388F0F /* Pods-DaySleepersClubTests.release.xcconfig */,
			);
			name = Pods;
			sourceTree = "<group>";
		};
		15B1A0F120C5431D000AC558 = {
			isa = PBXGroup;
			children = (
				15B1A0FC20C5431D000AC558 /* DaySleepersClub */,
				15B1A11120C5431E000AC558 /* DaySleepersClubTests */,
				15B1A0FB20C5431D000AC558 /* Products */,
				0F126817B12DBA5B3951493E /* Pods */,
				AD3ECBF7464129914B364098 /* Frameworks */,
			);
			sourceTree = "<group>";
		};
		15B1A0FB20C5431D000AC558 /* Products */ = {
			isa = PBXGroup;
			children = (
				15B1A0FA20C5431D000AC558 /* DaySleepersClub.app */,
				15B1A10E20C5431E000AC558 /* DaySleepersClubTests.xctest */,
			);
			name = Products;
			sourceTree = "<group>";
		};
		15B1A0FC20C5431D000AC558 /* DaySleepersClub */ = {
			isa = PBXGroup;
			children = (
				15B1A0FD20C5431D000AC558 /* AppDelegate.swift */,
				15B1A10420C5431E000AC558 /* Assets.xcassets */,
				15B1A10620C5431E000AC558 /* LaunchScreen.storyboard */,
				15B1A10920C5431E000AC558 /* Info.plist */,
				15B1A10120C5431D000AC558 /* Main.storyboard */,
				15B1A12920C57106000AC558 /* Login.swift */,
				15B1A12520C568AA000AC558 /* MemberTable.swift */,
				15B1A12320C5605D000AC558 /* MemberCell.swift */,
				15B1A0FF20C5431D000AC558 /* MemberViewController.swift */,
				15B1A11D20C54D16000AC558 /* SleepLevels.swift */,
				15B1A11F20C55C74000AC558 /* MemberClass.swift */,
			);
			path = DaySleepersClub;
			sourceTree = "<group>";
		};
		15B1A11120C5431E000AC558 /* DaySleepersClubTests */ = {
			isa = PBXGroup;
			children = (
				15B1A11220C5431E000AC558 /* DaySleepersClubTests.swift */,
				15B1A11420C5431E000AC558 /* Info.plist */,
			);
			path = DaySleepersClubTests;
			sourceTree = "<group>";
		};
		AD3ECBF7464129914B364098 /* Frameworks */ = {
			isa = PBXGroup;
			children = (
				165012A23354E1D0BBCB5349 /* Pods_DaySleepersClub.framework */,
				8EFA48F0760D3FA9DB13DA10 /* Pods_DaySleepersClubTests.framework */,
			);
			name = Frameworks;
			sourceTree = "<group>";
		};
/* End PBXGroup section */

/* Begin PBXNativeTarget section */
		15B1A0F920C5431D000AC558 /* DaySleepersClub */ = {
			isa = PBXNativeTarget;
			buildConfigurationList = 15B1A11720C5431E000AC558 /* Build configuration list for PBXNativeTarget "DaySleepersClub" */;
			buildPhases = (
				7F885E4C1BF098745872BA91 /* [CP] Check Pods Manifest.lock */,
				15B1A0F620C5431D000AC558 /* Sources */,
				15B1A0F720C5431D000AC558 /* Frameworks */,
				15B1A0F820C5431D000AC558 /* Resources */,
				B0A78823F9A69428563D067F /* [CP] Embed Pods Frameworks */,
			);
			buildRules = (
			);
			dependencies = (
			);
			name = DaySleepersClub;
			productName = DaySleepersClub;
			productReference = 15B1A0FA20C5431D000AC558 /* DaySleepersClub.app */;
			productType = "com.apple.product-type.application";
		};
		15B1A10D20C5431E000AC558 /* DaySleepersClubTests */ = {
			isa = PBXNativeTarget;
			buildConfigurationList = 15B1A11A20C5431E000AC558 /* Build configuration list for PBXNativeTarget "DaySleepersClubTests" */;
			buildPhases = (
				5A2772726AD46258EFFABAA1 /* [CP] Check Pods Manifest.lock */,
				15B1A10A20C5431E000AC558 /* Sources */,
				15B1A10B20C5431E000AC558 /* Frameworks */,
				15B1A10C20C5431E000AC558 /* Resources */,
			);
			buildRules = (
			);
			dependencies = (
				15B1A11020C5431E000AC558 /* PBXTargetDependency */,
			);
			name = DaySleepersClubTests;
			productName = DaySleepersClubTests;
			productReference = 15B1A10E20C5431E000AC558 /* DaySleepersClubTests.xctest */;
			productType = "com.apple.product-type.bundle.unit-test";
		};
/* End PBXNativeTarget section */

/* Begin PBXProject section */
		15B1A0F220C5431D000AC558 /* Project object */ = {
			isa = PBXProject;
			attributes = {
				LastSwiftUpdateCheck = 0940;
				LastUpgradeCheck = 0940;
				ORGANIZATIONNAME = lydia;
				TargetAttributes = {
					15B1A0F920C5431D000AC558 = {
						CreatedOnToolsVersion = 9.4;
					};
					15B1A10D20C5431E000AC558 = {
						CreatedOnToolsVersion = 9.4;
						TestTargetID = 15B1A0F920C5431D000AC558;
					};
				};
			};
			buildConfigurationList = 15B1A0F520C5431D000AC558 /* Build configuration list for PBXProject "DaySleepersClub" */;
			compatibilityVersion = "Xcode 9.3";
			developmentRegion = en;
			hasScannedForEncodings = 0;
			knownRegions = (
				en,
				Base,
			);
			mainGroup = 15B1A0F120C5431D000AC558;
			productRefGroup = 15B1A0FB20C5431D000AC558 /* Products */;
			projectDirPath = "";
			projectRoot = "";
			targets = (
				15B1A0F920C5431D000AC558 /* DaySleepersClub */,
				15B1A10D20C5431E000AC558 /* DaySleepersClubTests */,
			);
		};
/* End PBXProject section */

/* Begin PBXResourcesBuildPhase section */
		15B1A0F820C5431D000AC558 /* Resources */ = {
			isa = PBXResourcesBuildPhase;
			buildActionMask = 2147483647;
			files = (
				15B1A10820C5431E000AC558 /* LaunchScreen.storyboard in Resources */,
				15B1A10520C5431E000AC558 /* Assets.xcassets in Resources */,
				15B1A10320C5431D000AC558 /* Main.storyboard in Resources */,
			);
			runOnlyForDeploymentPostprocessing = 0;
		};
		15B1A10C20C5431E000AC558 /* Resources */ = {
			isa = PBXResourcesBuildPhase;
			buildActionMask = 2147483647;
			files = (
			);
			runOnlyForDeploymentPostprocessing = 0;
		};
/* End PBXResourcesBuildPhase section */

/* Begin PBXShellScriptBuildPhase section */
		5A2772726AD46258EFFABAA1 /* [CP] Check Pods Manifest.lock */ = {
			isa = PBXShellScriptBuildPhase;
			buildActionMask = 2147483647;
			files = (
			);
			inputPaths = (
				"${PODS_PODFILE_DIR_PATH}/Podfile.lock",
				"${PODS_ROOT}/Manifest.lock",
			);
			name = "[CP] Check Pods Manifest.lock";
			outputPaths = (
				"$(DERIVED_FILE_DIR)/Pods-DaySleepersClubTests-checkManifestLockResult.txt",
			);
			runOnlyForDeploymentPostprocessing = 0;
			shellPath = /bin/sh;
			shellScript = "diff \"${PODS_PODFILE_DIR_PATH}/Podfile.lock\" \"${PODS_ROOT}/Manifest.lock\" > /dev/null\nif [ $? != 0 ] ; then\n    # print error to STDERR\n    echo \"error: The sandbox is not in sync with the Podfile.lock. Run 'pod install' or update your CocoaPods installation.\" >&2\n    exit 1\nfi\n# This output is used by Xcode 'outputs' to avoid re-running this script phase.\necho \"SUCCESS\" > \"${SCRIPT_OUTPUT_FILE_0}\"\n";
			showEnvVarsInLog = 0;
		};
		7F885E4C1BF098745872BA91 /* [CP] Check Pods Manifest.lock */ = {
			isa = PBXShellScriptBuildPhase;
			buildActionMask = 2147483647;
			files = (
			);
			inputPaths = (
				"${PODS_PODFILE_DIR_PATH}/Podfile.lock",
				"${PODS_ROOT}/Manifest.lock",
			);
			name = "[CP] Check Pods Manifest.lock";
			outputPaths = (
				"$(DERIVED_FILE_DIR)/Pods-DaySleepersClub-checkManifestLockResult.txt",
			);
			runOnlyForDeploymentPostprocessing = 0;
			shellPath = /bin/sh;
			shellScript = "diff \"${PODS_PODFILE_DIR_PATH}/Podfile.lock\" \"${PODS_ROOT}/Manifest.lock\" > /dev/null\nif [ $? != 0 ] ; then\n    # print error to STDERR\n    echo \"error: The sandbox is not in sync with the Podfile.lock. Run 'pod install' or update your CocoaPods installation.\" >&2\n    exit 1\nfi\n# This output is used by Xcode 'outputs' to avoid re-running this script phase.\necho \"SUCCESS\" > \"${SCRIPT_OUTPUT_FILE_0}\"\n";
			showEnvVarsInLog = 0;
		};
		B0A78823F9A69428563D067F /* [CP] Embed Pods Frameworks */ = {
			isa = PBXShellScriptBuildPhase;
			buildActionMask = 2147483647;
			files = (
			);
			inputPaths = (
				"${SRCROOT}/Pods/Target Support Files/Pods-DaySleepersClub/Pods-DaySleepersClub-frameworks.sh",
				"${BUILT_PRODUCTS_DIR}/Alamofire/Alamofire.framework",
			);
			name = "[CP] Embed Pods Frameworks";
			outputPaths = (
				"${TARGET_BUILD_DIR}/${FRAMEWORKS_FOLDER_PATH}/Alamofire.framework",
			);
			runOnlyForDeploymentPostprocessing = 0;
			shellPath = /bin/sh;
			shellScript = "\"${SRCROOT}/Pods/Target Support Files/Pods-DaySleepersClub/Pods-DaySleepersClub-frameworks.sh\"\n";
			showEnvVarsInLog = 0;
		};
/* End PBXShellScriptBuildPhase section */

/* Begin PBXSourcesBuildPhase section */
		15B1A0F620C5431D000AC558 /* Sources */ = {
			isa = PBXSourcesBuildPhase;
			buildActionMask = 2147483647;
			files = (
				15B1A12A20C57106000AC558 /* Login.swift in Sources */,
				15B1A12720C568AA000AC558 /* MemberTable.swift in Sources */,
				15B1A12420C5605D000AC558 /* MemberCell.swift in Sources */,
				15B1A10020C5431D000AC558 /* MemberViewController.swift in Sources */,
				15B1A0FE20C5431D000AC558 /* AppDelegate.swift in Sources */,
				15B1A12020C55C74000AC558 /* MemberClass.swift in Sources */,
				15B1A11E20C54D16000AC558 /* SleepLevels.swift in Sources */,
			);
			runOnlyForDeploymentPostprocessing = 0;
		};
		15B1A10A20C5431E000AC558 /* Sources */ = {
			isa = PBXSourcesBuildPhase;
			buildActionMask = 2147483647;
			files = (
				15B1A11320C5431E000AC558 /* DaySleepersClubTests.swift in Sources */,
			);
			runOnlyForDeploymentPostprocessing = 0;
		};
/* End PBXSourcesBuildPhase section */

/* Begin PBXTargetDependency section */
		15B1A11020C5431E000AC558 /* PBXTargetDependency */ = {
			isa = PBXTargetDependency;
			target = 15B1A0F920C5431D000AC558 /* DaySleepersClub */;
			targetProxy = 15B1A10F20C5431E000AC558 /* PBXContainerItemProxy */;
		};
/* End PBXTargetDependency section */

/* Begin PBXVariantGroup section */
		15B1A10120C5431D000AC558 /* Main.storyboard */ = {
			isa = PBXVariantGroup;
			children = (
				15B1A10220C5431D000AC558 /* Base */,
			);
			name = Main.storyboard;
			sourceTree = "<group>";
		};
		15B1A10620C5431E000AC558 /* LaunchScreen.storyboard */ = {
			isa = PBXVariantGroup;
			children = (
				15B1A10720C5431E000AC558 /* Base */,
			);
			name = LaunchScreen.storyboard;
			sourceTree = "<group>";
		};
/* End PBXVariantGroup section */

/* Begin XCBuildConfiguration section */
		15B1A11520C5431E000AC558 /* Debug */ = {
			isa = XCBuildConfiguration;
			buildSettings = {
				ALWAYS_SEARCH_USER_PATHS = NO;
				CLANG_ANALYZER_NONNULL = YES;
				CLANG_ANALYZER_NUMBER_OBJECT_CONVERSION = YES_AGGRESSIVE;
				CLANG_CXX_LANGUAGE_STANDARD = "gnu++14";
				CLANG_CXX_LIBRARY = "libc++";
				CLANG_ENABLE_MODULES = YES;
				CLANG_ENABLE_OBJC_ARC = YES;
				CLANG_ENABLE_OBJC_WEAK = YES;
				CLANG_WARN_BLOCK_CAPTURE_AUTORELEASING = YES;
				CLANG_WARN_BOOL_CONVERSION = YES;
				CLANG_WARN_COMMA = YES;
				CLANG_WARN_CONSTANT_CONVERSION = YES;
				CLANG_WARN_DEPRECATED_OBJC_IMPLEMENTATIONS = YES;
				CLANG_WARN_DIRECT_OBJC_ISA_USAGE = YES_ERROR;
				CLANG_WARN_DOCUMENTATION_COMMENTS = YES;
				CLANG_WARN_EMPTY_BODY = YES;
				CLANG_WARN_ENUM_CONVERSION = YES;
				CLANG_WARN_INFINITE_RECURSION = YES;
				CLANG_WARN_INT_CONVERSION = YES;
				CLANG_WARN_NON_LITERAL_NULL_CONVERSION = YES;
				CLANG_WARN_OBJC_IMPLICIT_RETAIN_SELF = YES;
				CLANG_WARN_OBJC_LITERAL_CONVERSION = YES;
				CLANG_WARN_OBJC_ROOT_CLASS = YES_ERROR;
				CLANG_WARN_RANGE_LOOP_ANALYSIS = YES;
				CLANG_WARN_STRICT_PROTOTYPES = YES;
				CLANG_WARN_SUSPICIOUS_MOVE = YES;
				CLANG_WARN_UNGUARDED_AVAILABILITY = YES_AGGRESSIVE;
				CLANG_WARN_UNREACHABLE_CODE = YES;
				CLANG_WARN__DUPLICATE_METHOD_MATCH = YES;
				CODE_SIGN_IDENTITY = "iPhone Developer";
				COPY_PHASE_STRIP = NO;
				DEBUG_INFORMATION_FORMAT = dwarf;
				ENABLE_STRICT_OBJC_MSGSEND = YES;
				ENABLE_TESTABILITY = YES;
				GCC_C_LANGUAGE_STANDARD = gnu11;
				GCC_DYNAMIC_NO_PIC = NO;
				GCC_NO_COMMON_BLOCKS = YES;
				GCC_OPTIMIZATION_LEVEL = 0;
				GCC_PREPROCESSOR_DEFINITIONS = (
					"DEBUG=1",
					"$(inherited)",
				);
				GCC_WARN_64_TO_32_BIT_CONVERSION = YES;
				GCC_WARN_ABOUT_RETURN_TYPE = YES_ERROR;
				GCC_WARN_UNDECLARED_SELECTOR = YES;
				GCC_WARN_UNINITIALIZED_AUTOS = YES_AGGRESSIVE;
				GCC_WARN_UNUSED_FUNCTION = YES;
				GCC_WARN_UNUSED_VARIABLE = YES;
				IPHONEOS_DEPLOYMENT_TARGET = 11.4;
				MTL_ENABLE_DEBUG_INFO = YES;
				ONLY_ACTIVE_ARCH = YES;
				SDKROOT = iphoneos;
				SWIFT_ACTIVE_COMPILATION_CONDITIONS = DEBUG;
				SWIFT_OPTIMIZATION_LEVEL = "-Onone";
			};
			name = Debug;
		};
		15B1A11620C5431E000AC558 /* Release */ = {
			isa = XCBuildConfiguration;
			buildSettings = {
				ALWAYS_SEARCH_USER_PATHS = NO;
				CLANG_ANALYZER_NONNULL = YES;
				CLANG_ANALYZER_NUMBER_OBJECT_CONVERSION = YES_AGGRESSIVE;
				CLANG_CXX_LANGUAGE_STANDARD = "gnu++14";
				CLANG_CXX_LIBRARY = "libc++";
				CLANG_ENABLE_MODULES = YES;
				CLANG_ENABLE_OBJC_ARC = YES;
				CLANG_ENABLE_OBJC_WEAK = YES;
				CLANG_WARN_BLOCK_CAPTURE_AUTORELEASING = YES;
				CLANG_WARN_BOOL_CONVERSION = YES;
				CLANG_WARN_COMMA = YES;
				CLANG_WARN_CONSTANT_CONVERSION = YES;
				CLANG_WARN_DEPRECATED_OBJC_IMPLEMENTATIONS = YES;
				CLANG_WARN_DIRECT_OBJC_ISA_USAGE = YES_ERROR;
				CLANG_WARN_DOCUMENTATION_COMMENTS = YES;
				CLANG_WARN_EMPTY_BODY = YES;
				CLANG_WARN_ENUM_CONVERSION = YES;
				CLANG_WARN_INFINITE_RECURSION = YES;
				CLANG_WARN_INT_CONVERSION = YES;
				CLANG_WARN_NON_LITERAL_NULL_CONVERSION = YES;
				CLANG_WARN_OBJC_IMPLICIT_RETAIN_SELF = YES;
				CLANG_WARN_OBJC_LITERAL_CONVERSION = YES;
				CLANG_WARN_OBJC_ROOT_CLASS = YES_ERROR;
				CLANG_WARN_RANGE_LOOP_ANALYSIS = YES;
				CLANG_WARN_STRICT_PROTOTYPES = YES;
				CLANG_WARN_SUSPICIOUS_MOVE = YES;
				CLANG_WARN_UNGUARDED_AVAILABILITY = YES_AGGRESSIVE;
				CLANG_WARN_UNREACHABLE_CODE = YES;
				CLANG_WARN__DUPLICATE_METHOD_MATCH = YES;
				CODE_SIGN_IDENTITY = "iPhone Developer";
				COPY_PHASE_STRIP = NO;
				DEBUG_INFORMATION_FORMAT = "dwarf-with-dsym";
				ENABLE_NS_ASSERTIONS = NO;
				ENABLE_STRICT_OBJC_MSGSEND = YES;
				GCC_C_LANGUAGE_STANDARD = gnu11;
				GCC_NO_COMMON_BLOCKS = YES;
				GCC_WARN_64_TO_32_BIT_CONVERSION = YES;
				GCC_WARN_ABOUT_RETURN_TYPE = YES_ERROR;
				GCC_WARN_UNDECLARED_SELECTOR = YES;
				GCC_WARN_UNINITIALIZED_AUTOS = YES_AGGRESSIVE;
				GCC_WARN_UNUSED_FUNCTION = YES;
				GCC_WARN_UNUSED_VARIABLE = YES;
				IPHONEOS_DEPLOYMENT_TARGET = 11.4;
				MTL_ENABLE_DEBUG_INFO = NO;
				SDKROOT = iphoneos;
				SWIFT_COMPILATION_MODE = wholemodule;
				SWIFT_OPTIMIZATION_LEVEL = "-O";
				VALIDATE_PRODUCT = YES;
			};
			name = Release;
		};
		15B1A11820C5431E000AC558 /* Debug */ = {
			isa = XCBuildConfiguration;
			baseConfigurationReference = 42DA17C91F47A47A5559E4CE /* Pods-DaySleepersClub.debug.xcconfig */;
			buildSettings = {
				ASSETCATALOG_COMPILER_APPICON_NAME = AppIcon;
				CODE_SIGN_STYLE = Automatic;
				INFOPLIST_FILE = DaySleepersClub/Info.plist;
				LD_RUNPATH_SEARCH_PATHS = (
					"$(inherited)",
					"@executable_path/Frameworks",
				);
				PRODUCT_BUNDLE_IDENTIFIER = com.lydia.DaySleepersClub;
				PRODUCT_NAME = "$(TARGET_NAME)";
				SWIFT_VERSION = 4.0;
				TARGETED_DEVICE_FAMILY = "1,2";
			};
			name = Debug;
		};
		15B1A11920C5431E000AC558 /* Release */ = {
			isa = XCBuildConfiguration;
			baseConfigurationReference = A282BAA2B00E4C46837D87D7 /* Pods-DaySleepersClub.release.xcconfig */;
			buildSettings = {
				ASSETCATALOG_COMPILER_APPICON_NAME = AppIcon;
				CODE_SIGN_STYLE = Automatic;
				INFOPLIST_FILE = DaySleepersClub/Info.plist;
				LD_RUNPATH_SEARCH_PATHS = (
					"$(inherited)",
					"@executable_path/Frameworks",
				);
				PRODUCT_BUNDLE_IDENTIFIER = com.lydia.DaySleepersClub;
				PRODUCT_NAME = "$(TARGET_NAME)";
				SWIFT_VERSION = 4.0;
				TARGETED_DEVICE_FAMILY = "1,2";
			};
			name = Release;
		};
		15B1A11B20C5431E000AC558 /* Debug */ = {
			isa = XCBuildConfiguration;
			baseConfigurationReference = DDCC5139CB40D0F0E96457C3 /* Pods-DaySleepersClubTests.debug.xcconfig */;
			buildSettings = {
				ALWAYS_EMBED_SWIFT_STANDARD_LIBRARIES = YES;
				BUNDLE_LOADER = "$(TEST_HOST)";
				CODE_SIGN_STYLE = Automatic;
				INFOPLIST_FILE = DaySleepersClubTests/Info.plist;
				LD_RUNPATH_SEARCH_PATHS = (
					"$(inherited)",
					"@executable_path/Frameworks",
					"@loader_path/Frameworks",
				);
				PRODUCT_BUNDLE_IDENTIFIER = com.lydia.DaySleepersClubTests;
				PRODUCT_NAME = "$(TARGET_NAME)";
				SWIFT_VERSION = 4.0;
				TARGETED_DEVICE_FAMILY = "1,2";
				TEST_HOST = "$(BUILT_PRODUCTS_DIR)/DaySleepersClub.app/DaySleepersClub";
			};
			name = Debug;
		};
		15B1A11C20C5431E000AC558 /* Release */ = {
			isa = XCBuildConfiguration;
			baseConfigurationReference = 3FDAAD6A4F5C8D7EB1388F0F /* Pods-DaySleepersClubTests.release.xcconfig */;
			buildSettings = {
				ALWAYS_EMBED_SWIFT_STANDARD_LIBRARIES = YES;
				BUNDLE_LOADER = "$(TEST_HOST)";
				CODE_SIGN_STYLE = Automatic;
				INFOPLIST_FILE = DaySleepersClubTests/Info.plist;
				LD_RUNPATH_SEARCH_PATHS = (
					"$(inherited)",
					"@executable_path/Frameworks",
					"@loader_path/Frameworks",
				);
				PRODUCT_BUNDLE_IDENTIFIER = com.lydia.DaySleepersClubTests;
				PRODUCT_NAME = "$(TARGET_NAME)";
				SWIFT_VERSION = 4.0;
				TARGETED_DEVICE_FAMILY = "1,2";
				TEST_HOST = "$(BUILT_PRODUCTS_DIR)/DaySleepersClub.app/DaySleepersClub";
			};
			name = Release;
		};
/* End XCBuildConfiguration section */

/* Begin XCConfigurationList section */
		15B1A0F520C5431D000AC558 /* Build configuration list for PBXProject "DaySleepersClub" */ = {
			isa = XCConfigurationList;
			buildConfigurations = (
				15B1A11520C5431E000AC558 /* Debug */,
				15B1A11620C5431E000AC558 /* Release */,
			);
			defaultConfigurationIsVisible = 0;
			defaultConfigurationName = Release;
		};
		15B1A11720C5431E000AC558 /* Build configuration list for PBXNativeTarget "DaySleepersClub" */ = {
			isa = XCConfigurationList;
			buildConfigurations = (
				15B1A11820C5431E000AC558 /* Debug */,
				15B1A11920C5431E000AC558 /* Release */,
			);
			defaultConfigurationIsVisible = 0;
			defaultConfigurationName = Release;
		};
		15B1A11A20C5431E000AC558 /* Build configuration list for PBXNativeTarget "DaySleepersClubTests" */ = {
			isa = XCConfigurationList;
			buildConfigurations = (
				15B1A11B20C5431E000AC558 /* Debug */,
				15B1A11C20C5431E000AC558 /* Release */,
			);
			defaultConfigurationIsVisible = 0;
			defaultConfigurationName = Release;
		};
/* End XCConfigurationList section */
	};
	rootObject = 15B1A0F220C5431D000AC558 /* Project object */;
}
